// !$*UTF8*$!
{
	archiveVersion = 1;
	classes = {
	};
	objectVersion = 46;
	objects = {

/* Begin PBXBuildFile section */
		8F41DA53200323C100125C7D /* ExtensionManager.swift in Sources */ = {isa = PBXBuildFile; fileRef = 8F41DA52200323C100125C7D /* ExtensionManager.swift */; };
		8F41DA6220039ED800125C7D /* ConstantManager.swift in Sources */ = {isa = PBXBuildFile; fileRef = 8F41DA6120039ED800125C7D /* ConstantManager.swift */; };
		8F41DA682004675000125C7D /* MainTopView.swift in Sources */ = {isa = PBXBuildFile; fileRef = 8F41DA672004675000125C7D /* MainTopView.swift */; };
		8F41DA6A2004675F00125C7D /* MainTopView.xib in Resources */ = {isa = PBXBuildFile; fileRef = 8F41DA692004675F00125C7D /* MainTopView.xib */; };
		8F8A992D200DA64E00D647F9 /* MainCollectionViewCell.xib in Resources */ = {isa = PBXBuildFile; fileRef = 8F8A992B200DA64E00D647F9 /* MainCollectionViewCell.xib */; };
		8F8A992E200DA64E00D647F9 /* MainCollectionViewCell.swift in Sources */ = {isa = PBXBuildFile; fileRef = 8F8A992C200DA64E00D647F9 /* MainCollectionViewCell.swift */; };
		8FB484752044070400EF69C9 /* TimeModuleCell.swift in Sources */ = {isa = PBXBuildFile; fileRef = 8FB484732044070400EF69C9 /* TimeModuleCell.swift */; };
		8FB484762044070400EF69C9 /* TimeModuleCell.xib in Resources */ = {isa = PBXBuildFile; fileRef = 8FB484742044070400EF69C9 /* TimeModuleCell.xib */; };
		8FD39781204422950017FF18 /* AccountantModel.swift in Sources */ = {isa = PBXBuildFile; fileRef = 8FD39780204422950017FF18 /* AccountantModel.swift */; };
		8FD397AA204D3B000017FF18 /* LeftTabCell.swift in Sources */ = {isa = PBXBuildFile; fileRef = 8FD397A8204D3B000017FF18 /* LeftTabCell.swift */; };
		8FD397AB204D3B000017FF18 /* LeftTabCell.xib in Resources */ = {isa = PBXBuildFile; fileRef = 8FD397A9204D3B000017FF18 /* LeftTabCell.xib */; };
		8FD397ED20522FDB0017FF18 /* GFWNotificationName.swift in Sources */ = {isa = PBXBuildFile; fileRef = 8FD397EC20522FDB0017FF18 /* GFWNotificationName.swift */; };
		8FD397EF20527E060017FF18 /* RootTabBarController.swift in Sources */ = {isa = PBXBuildFile; fileRef = 8FD397EE20527E060017FF18 /* RootTabBarController.swift */; };
		8FD397F120528D730017FF18 /* AssetsController.swift in Sources */ = {isa = PBXBuildFile; fileRef = 8FD397F020528D730017FF18 /* AssetsController.swift */; };
		8FD397F320528D8A0017FF18 /* NavBaseViewController.swift in Sources */ = {isa = PBXBuildFile; fileRef = 8FD397F220528D8A0017FF18 /* NavBaseViewController.swift */; };
		BB8E7FF727503DB5A280CCC2 /* Pods_GFW.framework in Frameworks */ = {isa = PBXBuildFile; fileRef = 5D4CA333D20FDCD763334B45 /* Pods_GFW.framework */; };
		FCA88B86200263EA00CCAC34 /* AppDelegate.swift in Sources */ = {isa = PBXBuildFile; fileRef = FCA88B85200263EA00CCAC34 /* AppDelegate.swift */; };
		FCA88B88200263EA00CCAC34 /* ViewController.swift in Sources */ = {isa = PBXBuildFile; fileRef = FCA88B87200263EA00CCAC34 /* ViewController.swift */; };
		FCA88B8D200263EA00CCAC34 /* Assets.xcassets in Resources */ = {isa = PBXBuildFile; fileRef = FCA88B8C200263EA00CCAC34 /* Assets.xcassets */; };
		FCA88B90200263EA00CCAC34 /* LaunchScreen.storyboard in Resources */ = {isa = PBXBuildFile; fileRef = FCA88B8E200263EA00CCAC34 /* LaunchScreen.storyboard */; };
/* End PBXBuildFile section */

/* Begin PBXFileReference section */
		5D4CA333D20FDCD763334B45 /* Pods_GFW.framework */ = {isa = PBXFileReference; explicitFileType = wrapper.framework; includeInIndex = 0; path = Pods_GFW.framework; sourceTree = BUILT_PRODUCTS_DIR; };
		8F41DA52200323C100125C7D /* ExtensionManager.swift */ = {isa = PBXFileReference; lastKnownFileType = sourcecode.swift; path = ExtensionManager.swift; sourceTree = "<group>"; };
		8F41DA6120039ED800125C7D /* ConstantManager.swift */ = {isa = PBXFileReference; lastKnownFileType = sourcecode.swift; path = ConstantManager.swift; sourceTree = "<group>"; };
		8F41DA672004675000125C7D /* MainTopView.swift */ = {isa = PBXFileReference; lastKnownFileType = sourcecode.swift; path = MainTopView.swift; sourceTree = "<group>"; };
		8F41DA692004675F00125C7D /* MainTopView.xib */ = {isa = PBXFileReference; lastKnownFileType = file.xib; path = MainTopView.xib; sourceTree = "<group>"; };
		8F41DA6C2004754200125C7D /* SnapKit.framework */ = {isa = PBXFileReference; explicitFileType = wrapper.framework; path = SnapKit.framework; sourceTree = BUILT_PRODUCTS_DIR; };
		8F8A992B200DA64E00D647F9 /* MainCollectionViewCell.xib */ = {isa = PBXFileReference; fileEncoding = 4; lastKnownFileType = file.xib; path = MainCollectionViewCell.xib; sourceTree = "<group>"; };
		8F8A992C200DA64E00D647F9 /* MainCollectionViewCell.swift */ = {isa = PBXFileReference; fileEncoding = 4; lastKnownFileType = sourcecode.swift; path = MainCollectionViewCell.swift; sourceTree = "<group>"; };
		8FB484732044070400EF69C9 /* TimeModuleCell.swift */ = {isa = PBXFileReference; lastKnownFileType = sourcecode.swift; path = TimeModuleCell.swift; sourceTree = "<group>"; };
		8FB484742044070400EF69C9 /* TimeModuleCell.xib */ = {isa = PBXFileReference; lastKnownFileType = file.xib; path = TimeModuleCell.xib; sourceTree = "<group>"; };
		8FD39780204422950017FF18 /* AccountantModel.swift */ = {isa = PBXFileReference; lastKnownFileType = sourcecode.swift; path = AccountantModel.swift; sourceTree = "<group>"; };
		8FD397A8204D3B000017FF18 /* LeftTabCell.swift */ = {isa = PBXFileReference; lastKnownFileType = sourcecode.swift; path = LeftTabCell.swift; sourceTree = "<group>"; };
		8FD397A9204D3B000017FF18 /* LeftTabCell.xib */ = {isa = PBXFileReference; lastKnownFileType = file.xib; path = LeftTabCell.xib; sourceTree = "<group>"; };
		8FD397EC20522FDB0017FF18 /* GFWNotificationName.swift */ = {isa = PBXFileReference; lastKnownFileType = sourcecode.swift; path = GFWNotificationName.swift; sourceTree = "<group>"; };
		8FD397EE20527E060017FF18 /* RootTabBarController.swift */ = {isa = PBXFileReference; lastKnownFileType = sourcecode.swift; path = RootTabBarController.swift; sourceTree = "<group>"; };
		8FD397F020528D730017FF18 /* AssetsController.swift */ = {isa = PBXFileReference; lastKnownFileType = sourcecode.swift; path = AssetsController.swift; sourceTree = "<group>"; };
		8FD397F220528D8A0017FF18 /* NavBaseViewController.swift */ = {isa = PBXFileReference; lastKnownFileType = sourcecode.swift; path = NavBaseViewController.swift; sourceTree = "<group>"; };
		A33B7E21A7647A9C6F0F9363 /* Pods-GFW.debug.xcconfig */ = {isa = PBXFileReference; includeInIndex = 1; lastKnownFileType = text.xcconfig; name = "Pods-GFW.debug.xcconfig"; path = "Pods/Target Support Files/Pods-GFW/Pods-GFW.debug.xcconfig"; sourceTree = "<group>"; };
		AD3F74E6C752ECC30E548CD3 /* Pods-GFW.release.xcconfig */ = {isa = PBXFileReference; includeInIndex = 1; lastKnownFileType = text.xcconfig; name = "Pods-GFW.release.xcconfig"; path = "Pods/Target Support Files/Pods-GFW/Pods-GFW.release.xcconfig"; sourceTree = "<group>"; };
		FCA88B82200263EA00CCAC34 /* GFW.app */ = {isa = PBXFileReference; explicitFileType = wrapper.application; includeInIndex = 0; path = GFW.app; sourceTree = BUILT_PRODUCTS_DIR; };
		FCA88B85200263EA00CCAC34 /* AppDelegate.swift */ = {isa = PBXFileReference; lastKnownFileType = sourcecode.swift; path = AppDelegate.swift; sourceTree = "<group>"; };
		FCA88B87200263EA00CCAC34 /* ViewController.swift */ = {isa = PBXFileReference; lastKnownFileType = sourcecode.swift; path = ViewController.swift; sourceTree = "<group>"; };
		FCA88B8C200263EA00CCAC34 /* Assets.xcassets */ = {isa = PBXFileReference; lastKnownFileType = folder.assetcatalog; path = Assets.xcassets; sourceTree = "<group>"; };
		FCA88B8F200263EA00CCAC34 /* Base */ = {isa = PBXFileReference; lastKnownFileType = file.storyboard; name = Base; path = Base.lproj/LaunchScreen.storyboard; sourceTree = "<group>"; };
		FCA88B91200263EA00CCAC34 /* Info.plist */ = {isa = PBXFileReference; lastKnownFileType = text.plist.xml; path = Info.plist; sourceTree = "<group>"; };
/* End PBXFileReference section */

/* Begin PBXFrameworksBuildPhase section */
		FCA88B7F200263EA00CCAC34 /* Frameworks */ = {
			isa = PBXFrameworksBuildPhase;
			buildActionMask = 2147483647;
			files = (
				BB8E7FF727503DB5A280CCC2 /* Pods_GFW.framework in Frameworks */,
			);
			runOnlyForDeploymentPostprocessing = 0;
		};
/* End PBXFrameworksBuildPhase section */

/* Begin PBXGroup section */
		670CD64E36CDB2BFA302C04A /* Frameworks */ = {
			isa = PBXGroup;
			children = (
				8F41DA6C2004754200125C7D /* SnapKit.framework */,
				5D4CA333D20FDCD763334B45 /* Pods_GFW.framework */,
			);
			name = Frameworks;
			sourceTree = "<group>";
		};
		8F41DA632004656100125C7D /* Main */ = {
			isa = PBXGroup;
			children = (
				8F41DA642004656100125C7D /* Models */,
				8F41DA652004656100125C7D /* ViewControllers */,
				8F41DA662004656100125C7D /* Views */,
			);
			path = Main;
			sourceTree = "<group>";
		};
		8F41DA642004656100125C7D /* Models */ = {
			isa = PBXGroup;
			children = (
				8FD39780204422950017FF18 /* AccountantModel.swift */,
			);
			path = Models;
			sourceTree = "<group>";
		};
		8F41DA652004656100125C7D /* ViewControllers */ = {
			isa = PBXGroup;
			children = (
				8FD397F020528D730017FF18 /* AssetsController.swift */,
				8FD397F220528D8A0017FF18 /* NavBaseViewController.swift */,
			);
			path = ViewControllers;
			sourceTree = "<group>";
		};
		8F41DA662004656100125C7D /* Views */ = {
			isa = PBXGroup;
			children = (
				8F41DA672004675000125C7D /* MainTopView.swift */,
				8F41DA692004675F00125C7D /* MainTopView.xib */,
				8F8A992C200DA64E00D647F9 /* MainCollectionViewCell.swift */,
				8F8A992B200DA64E00D647F9 /* MainCollectionViewCell.xib */,
				8FB484732044070400EF69C9 /* TimeModuleCell.swift */,
				8FB484742044070400EF69C9 /* TimeModuleCell.xib */,
				8FD397A8204D3B000017FF18 /* LeftTabCell.swift */,
				8FD397A9204D3B000017FF18 /* LeftTabCell.xib */,
			);
			path = Views;
			sourceTree = "<group>";
		};
		92F5A26BB35DA3A09E28C372 /* Pods */ = {
			isa = PBXGroup;
			children = (
				A33B7E21A7647A9C6F0F9363 /* Pods-GFW.debug.xcconfig */,
				AD3F74E6C752ECC30E548CD3 /* Pods-GFW.release.xcconfig */,
			);
			name = Pods;
			sourceTree = "<group>";
		};
		FCA88B79200263EA00CCAC34 = {
			isa = PBXGroup;
			children = (
				FCA88B84200263EA00CCAC34 /* GFW */,
				FCA88B83200263EA00CCAC34 /* Products */,
				92F5A26BB35DA3A09E28C372 /* Pods */,
				670CD64E36CDB2BFA302C04A /* Frameworks */,
			);
			sourceTree = "<group>";
		};
		FCA88B83200263EA00CCAC34 /* Products */ = {
			isa = PBXGroup;
			children = (
				FCA88B82200263EA00CCAC34 /* GFW.app */,
			);
			name = Products;
			sourceTree = "<group>";
		};
		FCA88B84200263EA00CCAC34 /* GFW */ = {
			isa = PBXGroup;
			children = (
				FCA88B85200263EA00CCAC34 /* AppDelegate.swift */,
				FCA88B87200263EA00CCAC34 /* ViewController.swift */,
				8FD397EE20527E060017FF18 /* RootTabBarController.swift */,
				8F41DA52200323C100125C7D /* ExtensionManager.swift */,
				8F41DA6120039ED800125C7D /* ConstantManager.swift */,
				8FD397EC20522FDB0017FF18 /* GFWNotificationName.swift */,
				8F41DA632004656100125C7D /* Main */,
				FCA88B8C200263EA00CCAC34 /* Assets.xcassets */,
				FCA88B8E200263EA00CCAC34 /* LaunchScreen.storyboard */,
				FCA88B91200263EA00CCAC34 /* Info.plist */,
			);
			path = GFW;
			sourceTree = "<group>";
		};
/* End PBXGroup section */

/* Begin PBXNativeTarget section */
		FCA88B81200263EA00CCAC34 /* GFW */ = {
			isa = PBXNativeTarget;
			buildConfigurationList = FCA88B94200263EA00CCAC34 /* Build configuration list for PBXNativeTarget "GFW" */;
			buildPhases = (
				8F06AE6A850794BFDB426CB7 /* [CP] Check Pods Manifest.lock */,
				FCA88B7E200263EA00CCAC34 /* Sources */,
				FCA88B7F200263EA00CCAC34 /* Frameworks */,
				FCA88B80200263EA00CCAC34 /* Resources */,
				11242EECED92C64062BEBF18 /* [CP] Embed Pods Frameworks */,
				EBFA46031A789AD04B7ABEBF /* [CP] Copy Pods Resources */,
			);
			buildRules = (
			);
			dependencies = (
			);
			name = GFW;
			productName = GFW;
			productReference = FCA88B82200263EA00CCAC34 /* GFW.app */;
			productType = "com.apple.product-type.application";
		};
/* End PBXNativeTarget section */

/* Begin PBXProject section */
		FCA88B7A200263EA00CCAC34 /* Project object */ = {
			isa = PBXProject;
			attributes = {
				LastSwiftUpdateCheck = 0830;
				LastUpgradeCheck = 0830;
				ORGANIZATIONNAME = "钱卫";
				TargetAttributes = {
					FCA88B81200263EA00CCAC34 = {
						CreatedOnToolsVersion = 8.3.1;
						DevelopmentTeam = SSJK4DGTL7;
						ProvisioningStyle = Automatic;
					};
				};
			};
			buildConfigurationList = FCA88B7D200263EA00CCAC34 /* Build configuration list for PBXProject "GFW" */;
			compatibilityVersion = "Xcode 3.2";
			developmentRegion = English;
			hasScannedForEncodings = 0;
			knownRegions = (
				en,
				Base,
			);
			mainGroup = FCA88B79200263EA00CCAC34;
			productRefGroup = FCA88B83200263EA00CCAC34 /* Products */;
			projectDirPath = "";
			projectRoot = "";
			targets = (
				FCA88B81200263EA00CCAC34 /* GFW */,
			);
		};
/* End PBXProject section */

/* Begin PBXResourcesBuildPhase section */
		FCA88B80200263EA00CCAC34 /* Resources */ = {
			isa = PBXResourcesBuildPhase;
			buildActionMask = 2147483647;
			files = (
				FCA88B90200263EA00CCAC34 /* LaunchScreen.storyboard in Resources */,
				FCA88B8D200263EA00CCAC34 /* Assets.xcassets in Resources */,
				8F41DA6A2004675F00125C7D /* MainTopView.xib in Resources */,
				8F8A992D200DA64E00D647F9 /* MainCollectionViewCell.xib in Resources */,
				8FD397AB204D3B000017FF18 /* LeftTabCell.xib in Resources */,
				8FB484762044070400EF69C9 /* TimeModuleCell.xib in Resources */,
			);
			runOnlyForDeploymentPostprocessing = 0;
		};
/* End PBXResourcesBuildPhase section */

/* Begin PBXShellScriptBuildPhase section */
		11242EECED92C64062BEBF18 /* [CP] Embed Pods Frameworks */ = {
			isa = PBXShellScriptBuildPhase;
			buildActionMask = 2147483647;
			files = (
			);
			inputPaths = (
			);
			name = "[CP] Embed Pods Frameworks";
			outputPaths = (
			);
			runOnlyForDeploymentPostprocessing = 0;
			shellPath = /bin/sh;
			shellScript = "\"${SRCROOT}/Pods/Target Support Files/Pods-GFW/Pods-GFW-frameworks.sh\"\n";
			showEnvVarsInLog = 0;
		};
		8F06AE6A850794BFDB426CB7 /* [CP] Check Pods Manifest.lock */ = {
			isa = PBXShellScriptBuildPhase;
			buildActionMask = 2147483647;
			files = (
			);
			inputPaths = (
			);
			name = "[CP] Check Pods Manifest.lock";
			outputPaths = (
			);
			runOnlyForDeploymentPostprocessing = 0;
			shellPath = /bin/sh;
			shellScript = "diff \"${PODS_PODFILE_DIR_PATH}/Podfile.lock\" \"${PODS_ROOT}/Manifest.lock\" > /dev/null\nif [ $? != 0 ] ; then\n    # print error to STDERR\n    echo \"error: The sandbox is not in sync with the Podfile.lock. Run 'pod install' or update your CocoaPods installation.\" >&2\n    exit 1\nfi\n";
			showEnvVarsInLog = 0;
		};
		EBFA46031A789AD04B7ABEBF /* [CP] Copy Pods Resources */ = {
			isa = PBXShellScriptBuildPhase;
			buildActionMask = 2147483647;
			files = (
			);
			inputPaths = (
			);
			name = "[CP] Copy Pods Resources";
			outputPaths = (
			);
			runOnlyForDeploymentPostprocessing = 0;
			shellPath = /bin/sh;
			shellScript = "\"${SRCROOT}/Pods/Target Support Files/Pods-GFW/Pods-GFW-resources.sh\"\n";
			showEnvVarsInLog = 0;
		};
/* End PBXShellScriptBuildPhase section */

/* Begin PBXSourcesBuildPhase section */
		FCA88B7E200263EA00CCAC34 /* Sources */ = {
			isa = PBXSourcesBuildPhase;
			buildActionMask = 2147483647;
			files = (
				8FD397ED20522FDB0017FF18 /* GFWNotificationName.swift in Sources */,
				FCA88B88200263EA00CCAC34 /* ViewController.swift in Sources */,
				8FD397AA204D3B000017FF18 /* LeftTabCell.swift in Sources */,
				8FD39781204422950017FF18 /* AccountantModel.swift in Sources */,
				8FD397F120528D730017FF18 /* AssetsController.swift in Sources */,
				8FD397F320528D8A0017FF18 /* NavBaseViewController.swift in Sources */,
				8F8A992E200DA64E00D647F9 /* MainCollectionViewCell.swift in Sources */,
				8FB484752044070400EF69C9 /* TimeModuleCell.swift in Sources */,
				8F41DA6220039ED800125C7D /* ConstantManager.swift in Sources */,
				FCA88B86200263EA00CCAC34 /* AppDelegate.swift in Sources */,
				8F41DA53200323C100125C7D /* ExtensionManager.swift in Sources */,
				8FD397EF20527E060017FF18 /* RootTabBarController.swift in Sources */,
				8F41DA682004675000125C7D /* MainTopView.swift in Sources */,
			);
			runOnlyForDeploymentPostprocessing = 0;
		};
/* End PBXSourcesBuildPhase section */

/* Begin PBXVariantGroup section */
		FCA88B8E200263EA00CCAC34 /* LaunchScreen.storyboard */ = {
			isa = PBXVariantGroup;
			children = (
				FCA88B8F200263EA00CCAC34 /* Base */,
			);
			name = LaunchScreen.storyboard;
			sourceTree = "<group>";
		};
/* End PBXVariantGroup section */

/* Begin XCBuildConfiguration section */
		FCA88B92200263EA00CCAC34 /* Debug */ = {
			isa = XCBuildConfiguration;
			buildSettings = {
				ALWAYS_SEARCH_USER_PATHS = NO;
				CLANG_ANALYZER_NONNULL = YES;
				CLANG_ANALYZER_NUMBER_OBJECT_CONVERSION = YES_AGGRESSIVE;
				CLANG_CXX_LANGUAGE_STANDARD = "gnu++0x";
				CLANG_CXX_LIBRARY = "libc++";
				CLANG_ENABLE_MODULES = YES;
				CLANG_ENABLE_OBJC_ARC = YES;
				CLANG_WARN_BOOL_CONVERSION = YES;
				CLANG_WARN_CONSTANT_CONVERSION = YES;
				CLANG_WARN_DIRECT_OBJC_ISA_USAGE = YES_ERROR;
				CLANG_WARN_DOCUMENTATION_COMMENTS = YES;
				CLANG_WARN_EMPTY_BODY = YES;
				CLANG_WARN_ENUM_CONVERSION = YES;
				CLANG_WARN_INFINITE_RECURSION = YES;
				CLANG_WARN_INT_CONVERSION = YES;
				CLANG_WARN_OBJC_ROOT_CLASS = YES_ERROR;
				CLANG_WARN_SUSPICIOUS_MOVE = YES;
				CLANG_WARN_UNREACHABLE_CODE = YES;
				CLANG_WARN__DUPLICATE_METHOD_MATCH = YES;
				"CODE_SIGN_IDENTITY[sdk=iphoneos*]" = "iPhone Developer";
				COPY_PHASE_STRIP = NO;
				DEBUG_INFORMATION_FORMAT = dwarf;
				ENABLE_STRICT_OBJC_MSGSEND = YES;
				ENABLE_TESTABILITY = YES;
				GCC_C_LANGUAGE_STANDARD = gnu99;
				GCC_DYNAMIC_NO_PIC = NO;
				GCC_NO_COMMON_BLOCKS = YES;
				GCC_OPTIMIZATION_LEVEL = 0;
				GCC_PREPROCESSOR_DEFINITIONS = (
					"DEBUG=1",
					"$(inherited)",
				);
				GCC_WARN_64_TO_32_BIT_CONVERSION = YES;
				GCC_WARN_ABOUT_RETURN_TYPE = YES_ERROR;
				GCC_WARN_UNDECLARED_SELECTOR = YES;
				GCC_WARN_UNINITIALIZED_AUTOS = YES_AGGRESSIVE;
				GCC_WARN_UNUSED_FUNCTION = YES;
				GCC_WARN_UNUSED_VARIABLE = YES;
				IPHONEOS_DEPLOYMENT_TARGET = 10.3;
				MTL_ENABLE_DEBUG_INFO = YES;
				ONLY_ACTIVE_ARCH = YES;
				SDKROOT = iphoneos;
				SWIFT_ACTIVE_COMPILATION_CONDITIONS = DEBUG;
				SWIFT_OPTIMIZATION_LEVEL = "-Onone";
				SWIFT_VERSION = 4.0;
			};
			name = Debug;
		};
		FCA88B93200263EA00CCAC34 /* Release */ = {
			isa = XCBuildConfiguration;
			buildSettings = {
				ALWAYS_SEARCH_USER_PATHS = NO;
				CLANG_ANALYZER_NONNULL = YES;
				CLANG_ANALYZER_NUMBER_OBJECT_CONVERSION = YES_AGGRESSIVE;
				CLANG_CXX_LANGUAGE_STANDARD = "gnu++0x";
				CLANG_CXX_LIBRARY = "libc++";
				CLANG_ENABLE_MODULES = YES;
				CLANG_ENABLE_OBJC_ARC = YES;
				CLANG_WARN_BOOL_CONVERSION = YES;
				CLANG_WARN_CONSTANT_CONVERSION = YES;
				CLANG_WARN_DIRECT_OBJC_ISA_USAGE = YES_ERROR;
				CLANG_WARN_DOCUMENTATION_COMMENTS = YES;
				CLANG_WARN_EMPTY_BODY = YES;
				CLANG_WARN_ENUM_CONVERSION = YES;
				CLANG_WARN_INFINITE_RECURSION = YES;
				CLANG_WARN_INT_CONVERSION = YES;
				CLANG_WARN_OBJC_ROOT_CLASS = YES_ERROR;
				CLANG_WARN_SUSPICIOUS_MOVE = YES;
				CLANG_WARN_UNREACHABLE_CODE = YES;
				CLANG_WARN__DUPLICATE_METHOD_MATCH = YES;
				"CODE_SIGN_IDENTITY[sdk=iphoneos*]" = "iPhone Developer";
				COPY_PHASE_STRIP = NO;
				DEBUG_INFORMATION_FORMAT = "dwarf-with-dsym";
				ENABLE_NS_ASSERTIONS = NO;
				ENABLE_STRICT_OBJC_MSGSEND = YES;
				GCC_C_LANGUAGE_STANDARD = gnu99;
				GCC_NO_COMMON_BLOCKS = YES;
				GCC_WARN_64_TO_32_BIT_CONVERSION = YES;
				GCC_WARN_ABOUT_RETURN_TYPE = YES_ERROR;
				GCC_WARN_UNDECLARED_SELECTOR = YES;
				GCC_WARN_UNINITIALIZED_AUTOS = YES_AGGRESSIVE;
				GCC_WARN_UNUSED_FUNCTION = YES;
				GCC_WARN_UNUSED_VARIABLE = YES;
				IPHONEOS_DEPLOYMENT_TARGET = 10.3;
				MTL_ENABLE_DEBUG_INFO = NO;
				SDKROOT = iphoneos;
				SWIFT_OPTIMIZATION_LEVEL = "-Owholemodule";
				SWIFT_VERSION = 4.0;
				VALIDATE_PRODUCT = YES;
			};
			name = Release;
		};
		FCA88B95200263EA00CCAC34 /* Debug */ = {
			isa = XCBuildConfiguration;
			baseConfigurationReference = A33B7E21A7647A9C6F0F9363 /* Pods-GFW.debug.xcconfig */;
			buildSettings = {
				ASSETCATALOG_COMPILER_APPICON_NAME = AppIcon;
				DEVELOPMENT_TEAM = SSJK4DGTL7;
				INFOPLIST_FILE = GFW/Info.plist;
				IPHONEOS_DEPLOYMENT_TARGET = 9.0;
				LD_RUNPATH_SEARCH_PATHS = "$(inherited) @executable_path/Frameworks";
				PRODUCT_BUNDLE_IDENTIFIER = qw.GFW;
				PRODUCT_NAME = "$(TARGET_NAME)";
				SWIFT_VERSION = 4.0;
			};
			name = Debug;
		};
		FCA88B96200263EA00CCAC34 /* Release */ = {
			isa = XCBuildConfiguration;
			baseConfigurationReference = AD3F74E6C752ECC30E548CD3 /* Pods-GFW.release.xcconfig */;
			buildSettings = {
				ASSETCATALOG_COMPILER_APPICON_NAME = AppIcon;
				DEVELOPMENT_TEAM = SSJK4DGTL7;
				INFOPLIST_FILE = GFW/Info.plist;
				IPHONEOS_DEPLOYMENT_TARGET = 9.0;
				LD_RUNPATH_SEARCH_PATHS = "$(inherited) @executable_path/Frameworks";
				PRODUCT_BUNDLE_IDENTIFIER = qw.GFW;
				PRODUCT_NAME = "$(TARGET_NAME)";
				SWIFT_VERSION = 4.0;
			};
			name = Release;
		};
/* End XCBuildConfiguration section */

/* Begin XCConfigurationList section */
		FCA88B7D200263EA00CCAC34 /* Build configuration list for PBXProject "GFW" */ = {
			isa = XCConfigurationList;
			buildConfigurations = (
				FCA88B92200263EA00CCAC34 /* Debug */,
				FCA88B93200263EA00CCAC34 /* Release */,
			);
			defaultConfigurationIsVisible = 0;
			defaultConfigurationName = Release;
		};
		FCA88B94200263EA00CCAC34 /* Build configuration list for PBXNativeTarget "GFW" */ = {
			isa = XCConfigurationList;
			buildConfigurations = (
				FCA88B95200263EA00CCAC34 /* Debug */,
				FCA88B96200263EA00CCAC34 /* Release */,
			);
			defaultConfigurationIsVisible = 0;
			defaultConfigurationName = Release;
		};
/* End XCConfigurationList section */
	};
	rootObject = FCA88B7A200263EA00CCAC34 /* Project object */;
}
