// !$*UTF8*$!
{
	archiveVersion = 1;
	classes = {
	};
	objectVersion = 46;
	objects = {

/* Begin PBXBuildFile section */
		FCA88B86200263EA00CCAC34 /* AppDelegate.swift in Sources */ = {isa = PBXBuildFile; fileRef = FCA88B85200263EA00CCAC34 /* AppDelegate.swift */; };
		FCA88B88200263EA00CCAC34 /* ViewController.swift in Sources */ = {isa = PBXBuildFile; fileRef = FCA88B87200263EA00CCAC34 /* ViewController.swift */; };
		FCA88B8D200263EA00CCAC34 /* Assets.xcassets in Resources */ = {isa = PBXBuildFile; fileRef = FCA88B8C200263EA00CCAC34 /* Assets.xcassets */; };
		FCA88B90200263EA00CCAC34 /* LaunchScreen.storyboard in Resources */ = {isa = PBXBuildFile; fileRef = FCA88B8E200263EA00CCAC34 /* LaunchScreen.storyboard */; };
/* End PBXBuildFile section */

/* Begin PBXFileReference section */
		FCA88B82200263EA00CCAC34 /* GFW.app */ = {isa = PBXFileReference; explicitFileType = wrapper.application; includeInIndex = 0; path = GFW.app; sourceTree = BUILT_PRODUCTS_DIR; };
		FCA88B85200263EA00CCAC34 /* AppDelegate.swift */ = {isa = PBXFileReference; lastKnownFileType = sourcecode.swift; path = AppDelegate.swift; sourceTree = "<group>"; };
		FCA88B87200263EA00CCAC34 /* ViewController.swift */ = {isa = PBXFileReference; lastKnownFileType = sourcecode.swift; path = ViewController.swift; sourceTree = "<group>"; };
		FCA88B8C200263EA00CCAC34 /* Assets.xcassets */ = {isa = PBXFileReference; lastKnownFileType = folder.assetcatalog; path = Assets.xcassets; sourceTree = "<group>"; };
		FCA88B8F200263EA00CCAC34 /* Base */ = {isa = PBXFileReference; lastKnownFileType = file.storyboard; name = Base; path = Base.lproj/LaunchScreen.storyboard; sourceTree = "<group>"; };
		FCA88B91200263EA00CCAC34 /* Info.plist */ = {isa = PBXFileReference; lastKnownFileType = text.plist.xml; path = Info.plist; sourceTree = "<group>"; };
/* End PBXFileReference section */

/* Begin PBXFrameworksBuildPhase section */
		FCA88B7F200263EA00CCAC34 /* Frameworks */ = {
			isa = PBXFrameworksBuildPhase;
			buildActionMask = 2147483647;
			files = (
			);
			runOnlyForDeploymentPostprocessing = 0;
		};
/* End PBXFrameworksBuildPhase section */

/* Begin PBXGroup section */
		FCA88B79200263EA00CCAC34 = {
			isa = PBXGroup;
			children = (
				FCA88B84200263EA00CCAC34 /* GFW */,
				FCA88B83200263EA00CCAC34 /* Products */,
			);
			sourceTree = "<group>";
		};
		FCA88B83200263EA00CCAC34 /* Products */ = {
			isa = PBXGroup;
			children = (
				FCA88B82200263EA00CCAC34 /* GFW.app */,
			);
			name = Products;
			sourceTree = "<group>";
		};
		FCA88B84200263EA00CCAC34 /* GFW */ = {
			isa = PBXGroup;
			children = (
				FCA88B85200263EA00CCAC34 /* AppDelegate.swift */,
				FCA88B87200263EA00CCAC34 /* ViewController.swift */,
				FCA88B8C200263EA00CCAC34 /* Assets.xcassets */,
				FCA88B8E200263EA00CCAC34 /* LaunchScreen.storyboard */,
				FCA88B91200263EA00CCAC34 /* Info.plist */,
			);
			path = GFW;
			sourceTree = "<group>";
		};
/* End PBXGroup section */

/* Begin PBXNativeTarget section */
		FCA88B81200263EA00CCAC34 /* GFW */ = {
			isa = PBXNativeTarget;
			buildConfigurationList = FCA88B94200263EA00CCAC34 /* Build configuration list for PBXNativeTarget "GFW" */;
			buildPhases = (
				FCA88B7E200263EA00CCAC34 /* Sources */,
				FCA88B7F200263EA00CCAC34 /* Frameworks */,
				FCA88B80200263EA00CCAC34 /* Resources */,
			);
			buildRules = (
			);
			dependencies = (
			);
			name = GFW;
			productName = GFW;
			productReference = FCA88B82200263EA00CCAC34 /* GFW.app */;
			productType = "com.apple.product-type.application";
		};
/* End PBXNativeTarget section */

/* Begin PBXProject section */
		FCA88B7A200263EA00CCAC34 /* Project object */ = {
			isa = PBXProject;
			attributes = {
				LastSwiftUpdateCheck = 0830;
				LastUpgradeCheck = 0830;
				ORGANIZATIONNAME = "钱卫";
				TargetAttributes = {
					FCA88B81200263EA00CCAC34 = {
						CreatedOnToolsVersion = 8.3.1;
						DevelopmentTeam = SSJK4DGTL7;
						ProvisioningStyle = Automatic;
					};
				};
			};
			buildConfigurationList = FCA88B7D200263EA00CCAC34 /* Build configuration list for PBXProject "GFW" */;
			compatibilityVersion = "Xcode 3.2";
			developmentRegion = English;
			hasScannedForEncodings = 0;
			knownRegions = (
				en,
				Base,
			);
			mainGroup = FCA88B79200263EA00CCAC34;
			productRefGroup = FCA88B83200263EA00CCAC34 /* Products */;
			projectDirPath = "";
			projectRoot = "";
			targets = (
				FCA88B81200263EA00CCAC34 /* GFW */,
			);
		};
/* End PBXProject section */

/* Begin PBXResourcesBuildPhase section */
		FCA88B80200263EA00CCAC34 /* Resources */ = {
			isa = PBXResourcesBuildPhase;
			buildActionMask = 2147483647;
			files = (
				FCA88B90200263EA00CCAC34 /* LaunchScreen.storyboard in Resources */,
				FCA88B8D200263EA00CCAC34 /* Assets.xcassets in Resources */,
			);
			runOnlyForDeploymentPostprocessing = 0;
		};
/* End PBXResourcesBuildPhase section */

/* Begin PBXSourcesBuildPhase section */
		FCA88B7E200263EA00CCAC34 /* Sources */ = {
			isa = PBXSourcesBuildPhase;
			buildActionMask = 2147483647;
			files = (
				FCA88B88200263EA00CCAC34 /* ViewController.swift in Sources */,
				FCA88B86200263EA00CCAC34 /* AppDelegate.swift in Sources */,
			);
			runOnlyForDeploymentPostprocessing = 0;
		};
/* End PBXSourcesBuildPhase section */

/* Begin PBXVariantGroup section */
		FCA88B8E200263EA00CCAC34 /* LaunchScreen.storyboard */ = {
			isa = PBXVariantGroup;
			children = (
				FCA88B8F200263EA00CCAC34 /* Base */,
			);
			name = LaunchScreen.storyboard;
			sourceTree = "<group>";
		};
/* End PBXVariantGroup section */

/* Begin XCBuildConfiguration section */
		FCA88B92200263EA00CCAC34 /* Debug */ = {
			isa = XCBuildConfiguration;
			buildSettings = {
				ALWAYS_SEARCH_USER_PATHS = NO;
				CLANG_ANALYZER_NONNULL = YES;
				CLANG_ANALYZER_NUMBER_OBJECT_CONVERSION = YES_AGGRESSIVE;
				CLANG_CXX_LANGUAGE_STANDARD = "gnu++0x";
				CLANG_CXX_LIBRARY = "libc++";
				CLANG_ENABLE_MODULES = YES;
				CLANG_ENABLE_OBJC_ARC = YES;
				CLANG_WARN_BOOL_CONVERSION = YES;
				CLANG_WARN_CONSTANT_CONVERSION = YES;
				CLANG_WARN_DIRECT_OBJC_ISA_USAGE = YES_ERROR;
				CLANG_WARN_DOCUMENTATION_COMMENTS = YES;
				CLANG_WARN_EMPTY_BODY = YES;
				CLANG_WARN_ENUM_CONVERSION = YES;
				CLANG_WARN_INFINITE_RECURSION = YES;
				CLANG_WARN_INT_CONVERSION = YES;
				CLANG_WARN_OBJC_ROOT_CLASS = YES_ERROR;
				CLANG_WARN_SUSPICIOUS_MOVE = YES;
				CLANG_WARN_UNREACHABLE_CODE = YES;
				CLANG_WARN__DUPLICATE_METHOD_MATCH = YES;
				"CODE_SIGN_IDENTITY[sdk=iphoneos*]" = "iPhone Developer";
				COPY_PHASE_STRIP = NO;
				DEBUG_INFORMATION_FORMAT = dwarf;
				ENABLE_STRICT_OBJC_MSGSEND = YES;
				ENABLE_TESTABILITY = YES;
				GCC_C_LANGUAGE_STANDARD = gnu99;
				GCC_DYNAMIC_NO_PIC = NO;
				GCC_NO_COMMON_BLOCKS = YES;
				GCC_OPTIMIZATION_LEVEL = 0;
				GCC_PREPROCESSOR_DEFINITIONS = (
					"DEBUG=1",
					"$(inherited)",
				);
				GCC_WARN_64_TO_32_BIT_CONVERSION = YES;
				GCC_WARN_ABOUT_RETURN_TYPE = YES_ERROR;
				GCC_WARN_UNDECLARED_SELECTOR = YES;
				GCC_WARN_UNINITIALIZED_AUTOS = YES_AGGRESSIVE;
				GCC_WARN_UNUSED_FUNCTION = YES;
				GCC_WARN_UNUSED_VARIABLE = YES;
				IPHONEOS_DEPLOYMENT_TARGET = 10.3;
				MTL_ENABLE_DEBUG_INFO = YES;
				ONLY_ACTIVE_ARCH = YES;
				SDKROOT = iphoneos;
				SWIFT_ACTIVE_COMPILATION_CONDITIONS = DEBUG;
				SWIFT_OPTIMIZATION_LEVEL = "-Onone";
			};
			name = Debug;
		};
		FCA88B93200263EA00CCAC34 /* Release */ = {
			isa = XCBuildConfiguration;
			buildSettings = {
				ALWAYS_SEARCH_USER_PATHS = NO;
				CLANG_ANALYZER_NONNULL = YES;
				CLANG_ANALYZER_NUMBER_OBJECT_CONVERSION = YES_AGGRESSIVE;
				CLANG_CXX_LANGUAGE_STANDARD = "gnu++0x";
				CLANG_CXX_LIBRARY = "libc++";
				CLANG_ENABLE_MODULES = YES;
				CLANG_ENABLE_OBJC_ARC = YES;
				CLANG_WARN_BOOL_CONVERSION = YES;
				CLANG_WARN_CONSTANT_CONVERSION = YES;
				CLANG_WARN_DIRECT_OBJC_ISA_USAGE = YES_ERROR;
				CLANG_WARN_DOCUMENTATION_COMMENTS = YES;
				CLANG_WARN_EMPTY_BODY = YES;
				CLANG_WARN_ENUM_CONVERSION = YES;
				CLANG_WARN_INFINITE_RECURSION = YES;
				CLANG_WARN_INT_CONVERSION = YES;
				CLANG_WARN_OBJC_ROOT_CLASS = YES_ERROR;
				CLANG_WARN_SUSPICIOUS_MOVE = YES;
				CLANG_WARN_UNREACHABLE_CODE = YES;
				CLANG_WARN__DUPLICATE_METHOD_MATCH = YES;
				"CODE_SIGN_IDENTITY[sdk=iphoneos*]" = "iPhone Developer";
				COPY_PHASE_STRIP = NO;
				DEBUG_INFORMATION_FORMAT = "dwarf-with-dsym";
				ENABLE_NS_ASSERTIONS = NO;
				ENABLE_STRICT_OBJC_MSGSEND = YES;
				GCC_C_LANGUAGE_STANDARD = gnu99;
				GCC_NO_COMMON_BLOCKS = YES;
				GCC_WARN_64_TO_32_BIT_CONVERSION = YES;
				GCC_WARN_ABOUT_RETURN_TYPE = YES_ERROR;
				GCC_WARN_UNDECLARED_SELECTOR = YES;
				GCC_WARN_UNINITIALIZED_AUTOS = YES_AGGRESSIVE;
				GCC_WARN_UNUSED_FUNCTION = YES;
				GCC_WARN_UNUSED_VARIABLE = YES;
				IPHONEOS_DEPLOYMENT_TARGET = 10.3;
				MTL_ENABLE_DEBUG_INFO = NO;
				SDKROOT = iphoneos;
				SWIFT_OPTIMIZATION_LEVEL = "-Owholemodule";
				VALIDATE_PRODUCT = YES;
			};
			name = Release;
		};
		FCA88B95200263EA00CCAC34 /* Debug */ = {
			isa = XCBuildConfiguration;
			buildSettings = {
				ASSETCATALOG_COMPILER_APPICON_NAME = AppIcon;
				DEVELOPMENT_TEAM = SSJK4DGTL7;
				INFOPLIST_FILE = GFW/Info.plist;
				IPHONEOS_DEPLOYMENT_TARGET = 10.0;
				LD_RUNPATH_SEARCH_PATHS = "$(inherited) @executable_path/Frameworks";
				PRODUCT_BUNDLE_IDENTIFIER = qw.GFW;
				PRODUCT_NAME = "$(TARGET_NAME)";
				SWIFT_VERSION = 3.0;
			};
			name = Debug;
		};
		FCA88B96200263EA00CCAC34 /* Release */ = {
			isa = XCBuildConfiguration;
			buildSettings = {
				ASSETCATALOG_COMPILER_APPICON_NAME = AppIcon;
				DEVELOPMENT_TEAM = SSJK4DGTL7;
				INFOPLIST_FILE = GFW/Info.plist;
				IPHONEOS_DEPLOYMENT_TARGET = 10.0;
				LD_RUNPATH_SEARCH_PATHS = "$(inherited) @executable_path/Frameworks";
				PRODUCT_BUNDLE_IDENTIFIER = qw.GFW;
				PRODUCT_NAME = "$(TARGET_NAME)";
				SWIFT_VERSION = 3.0;
			};
			name = Release;
		};
/* End XCBuildConfiguration section */

/* Begin XCConfigurationList section */
		FCA88B7D200263EA00CCAC34 /* Build configuration list for PBXProject "GFW" */ = {
			isa = XCConfigurationList;
			buildConfigurations = (
				FCA88B92200263EA00CCAC34 /* Debug */,
				FCA88B93200263EA00CCAC34 /* Release */,
			);
			defaultConfigurationIsVisible = 0;
			defaultConfigurationName = Release;
		};
		FCA88B94200263EA00CCAC34 /* Build configuration list for PBXNativeTarget "GFW" */ = {
			isa = XCConfigurationList;
			buildConfigurations = (
				FCA88B95200263EA00CCAC34 /* Debug */,
				FCA88B96200263EA00CCAC34 /* Release */,
			);
			defaultConfigurationIsVisible = 0;
		};
/* End XCConfigurationList section */
	};
	rootObject = FCA88B7A200263EA00CCAC34 /* Project object */;
}
